// !$*UTF8*$!
{
	archiveVersion = 1;
	classes = {
	};
	objectVersion = 46;
	objects = {

/* Begin PBXBuildFile section */
		93C5F16A1B766EFC00CBBB94 /* RRJSON.h in Headers */ = {isa = PBXBuildFile; fileRef = 93C5F1691B766EFC00CBBB94 /* RRJSON.h */; settings = {ATTRIBUTES = (Public, ); }; };
		93C5F1701B766EFC00CBBB94 /* RRJSON.framework in Frameworks */ = {isa = PBXBuildFile; fileRef = 93C5F1641B766EFC00CBBB94 /* RRJSON.framework */; };
		93C5F1771B766EFC00CBBB94 /* RRJSONTests.swift in Sources */ = {isa = PBXBuildFile; fileRef = 93C5F1761B766EFC00CBBB94 /* RRJSONTests.swift */; };
		93C5F18A1B766F2400CBBB94 /* JSON.swift in Sources */ = {isa = PBXBuildFile; fileRef = 93C5F1891B766F2400CBBB94 /* JSON.swift */; };
/* End PBXBuildFile section */

/* Begin PBXContainerItemProxy section */
		93C5F1711B766EFC00CBBB94 /* PBXContainerItemProxy */ = {
			isa = PBXContainerItemProxy;
			containerPortal = 93C5F15B1B766EFC00CBBB94 /* Project object */;
			proxyType = 1;
			remoteGlobalIDString = 93C5F1631B766EFC00CBBB94;
			remoteInfo = RRJSON;
		};
/* End PBXContainerItemProxy section */

/* Begin PBXFileReference section */
		93C5F1641B766EFC00CBBB94 /* RRJSON.framework */ = {isa = PBXFileReference; explicitFileType = wrapper.framework; includeInIndex = 0; path = RRJSON.framework; sourceTree = BUILT_PRODUCTS_DIR; };
		93C5F1681B766EFC00CBBB94 /* Info.plist */ = {isa = PBXFileReference; lastKnownFileType = text.plist.xml; path = Info.plist; sourceTree = "<group>"; };
		93C5F1691B766EFC00CBBB94 /* RRJSON.h */ = {isa = PBXFileReference; lastKnownFileType = sourcecode.c.h; path = RRJSON.h; sourceTree = "<group>"; };
		93C5F16F1B766EFC00CBBB94 /* RRJSONTests.xctest */ = {isa = PBXFileReference; explicitFileType = wrapper.cfbundle; includeInIndex = 0; path = RRJSONTests.xctest; sourceTree = BUILT_PRODUCTS_DIR; };
		93C5F1751B766EFC00CBBB94 /* Info.plist */ = {isa = PBXFileReference; lastKnownFileType = text.plist.xml; path = Info.plist; sourceTree = "<group>"; };
		93C5F1761B766EFC00CBBB94 /* RRJSONTests.swift */ = {isa = PBXFileReference; lastKnownFileType = sourcecode.swift; path = RRJSONTests.swift; sourceTree = "<group>"; };
		93C5F1891B766F2400CBBB94 /* JSON.swift */ = {isa = PBXFileReference; fileEncoding = 4; lastKnownFileType = sourcecode.swift; path = JSON.swift; sourceTree = "<group>"; };
/* End PBXFileReference section */

/* Begin PBXFrameworksBuildPhase section */
		93C5F1601B766EFC00CBBB94 /* Frameworks */ = {
			isa = PBXFrameworksBuildPhase;
			buildActionMask = 2147483647;
			files = (
			);
			runOnlyForDeploymentPostprocessing = 0;
		};
		93C5F16C1B766EFC00CBBB94 /* Frameworks */ = {
			isa = PBXFrameworksBuildPhase;
			buildActionMask = 2147483647;
			files = (
				93C5F1701B766EFC00CBBB94 /* RRJSON.framework in Frameworks */,
			);
			runOnlyForDeploymentPostprocessing = 0;
		};
/* End PBXFrameworksBuildPhase section */

/* Begin PBXGroup section */
		93C5F15A1B766EFC00CBBB94 = {
			isa = PBXGroup;
			children = (
				93C5F1661B766EFC00CBBB94 /* RRJSON */,
				93C5F1731B766EFC00CBBB94 /* RRJSONTests */,
				93C5F1651B766EFC00CBBB94 /* Products */,
			);
			sourceTree = "<group>";
		};
		93C5F1651B766EFC00CBBB94 /* Products */ = {
			isa = PBXGroup;
			children = (
				93C5F1641B766EFC00CBBB94 /* RRJSON.framework */,
				93C5F16F1B766EFC00CBBB94 /* RRJSONTests.xctest */,
			);
			name = Products;
			sourceTree = "<group>";
		};
		93C5F1661B766EFC00CBBB94 /* RRJSON */ = {
			isa = PBXGroup;
			children = (
				93C5F1691B766EFC00CBBB94 /* RRJSON.h */,
				93C5F1671B766EFC00CBBB94 /* Supporting Files */,
				93C5F1891B766F2400CBBB94 /* JSON.swift */,
			);
			path = RRJSON;
			sourceTree = "<group>";
		};
		93C5F1671B766EFC00CBBB94 /* Supporting Files */ = {
			isa = PBXGroup;
			children = (
				93C5F1681B766EFC00CBBB94 /* Info.plist */,
			);
			name = "Supporting Files";
			sourceTree = "<group>";
		};
		93C5F1731B766EFC00CBBB94 /* RRJSONTests */ = {
			isa = PBXGroup;
			children = (
				93C5F1761B766EFC00CBBB94 /* RRJSONTests.swift */,
				93C5F1741B766EFC00CBBB94 /* Supporting Files */,
			);
			path = RRJSONTests;
			sourceTree = "<group>";
		};
		93C5F1741B766EFC00CBBB94 /* Supporting Files */ = {
			isa = PBXGroup;
			children = (
				93C5F1751B766EFC00CBBB94 /* Info.plist */,
			);
			name = "Supporting Files";
			sourceTree = "<group>";
		};
/* End PBXGroup section */

/* Begin PBXHeadersBuildPhase section */
		93C5F1611B766EFC00CBBB94 /* Headers */ = {
			isa = PBXHeadersBuildPhase;
			buildActionMask = 2147483647;
			files = (
				93C5F16A1B766EFC00CBBB94 /* RRJSON.h in Headers */,
			);
			runOnlyForDeploymentPostprocessing = 0;
		};
/* End PBXHeadersBuildPhase section */

/* Begin PBXNativeTarget section */
		93C5F1631B766EFC00CBBB94 /* RRJSON */ = {
			isa = PBXNativeTarget;
			buildConfigurationList = 93C5F17A1B766EFC00CBBB94 /* Build configuration list for PBXNativeTarget "RRJSON" */;
			buildPhases = (
				93C5F15F1B766EFC00CBBB94 /* Sources */,
				93C5F1601B766EFC00CBBB94 /* Frameworks */,
				93C5F1611B766EFC00CBBB94 /* Headers */,
				93C5F1621B766EFC00CBBB94 /* Resources */,
			);
			buildRules = (
			);
			dependencies = (
			);
			name = RRJSON;
			productName = RRJSON;
			productReference = 93C5F1641B766EFC00CBBB94 /* RRJSON.framework */;
			productType = "com.apple.product-type.framework";
		};
		93C5F16E1B766EFC00CBBB94 /* RRJSONTests */ = {
			isa = PBXNativeTarget;
			buildConfigurationList = 93C5F17D1B766EFC00CBBB94 /* Build configuration list for PBXNativeTarget "RRJSONTests" */;
			buildPhases = (
				93C5F16B1B766EFC00CBBB94 /* Sources */,
				93C5F16C1B766EFC00CBBB94 /* Frameworks */,
				93C5F16D1B766EFC00CBBB94 /* Resources */,
			);
			buildRules = (
			);
			dependencies = (
				93C5F1721B766EFC00CBBB94 /* PBXTargetDependency */,
			);
			name = RRJSONTests;
			productName = RRJSONTests;
			productReference = 93C5F16F1B766EFC00CBBB94 /* RRJSONTests.xctest */;
			productType = "com.apple.product-type.bundle.unit-test";
		};
/* End PBXNativeTarget section */

/* Begin PBXProject section */
		93C5F15B1B766EFC00CBBB94 /* Project object */ = {
			isa = PBXProject;
			attributes = {
				LastUpgradeCheck = 0640;
				ORGANIZATIONNAME = "Riccardo Rizzo";
				TargetAttributes = {
					93C5F1631B766EFC00CBBB94 = {
						CreatedOnToolsVersion = 6.4;
					};
					93C5F16E1B766EFC00CBBB94 = {
						CreatedOnToolsVersion = 6.4;
					};
				};
			};
			buildConfigurationList = 93C5F15E1B766EFC00CBBB94 /* Build configuration list for PBXProject "RRJSON" */;
			compatibilityVersion = "Xcode 3.2";
			developmentRegion = English;
			hasScannedForEncodings = 0;
			knownRegions = (
				en,
			);
			mainGroup = 93C5F15A1B766EFC00CBBB94;
			productRefGroup = 93C5F1651B766EFC00CBBB94 /* Products */;
			projectDirPath = "";
			projectRoot = "";
			targets = (
				93C5F1631B766EFC00CBBB94 /* RRJSON */,
				93C5F16E1B766EFC00CBBB94 /* RRJSONTests */,
			);
		};
/* End PBXProject section */

/* Begin PBXResourcesBuildPhase section */
		93C5F1621B766EFC00CBBB94 /* Resources */ = {
			isa = PBXResourcesBuildPhase;
			buildActionMask = 2147483647;
			files = (
			);
			runOnlyForDeploymentPostprocessing = 0;
		};
		93C5F16D1B766EFC00CBBB94 /* Resources */ = {
			isa = PBXResourcesBuildPhase;
			buildActionMask = 2147483647;
			files = (
			);
			runOnlyForDeploymentPostprocessing = 0;
		};
/* End PBXResourcesBuildPhase section */

/* Begin PBXSourcesBuildPhase section */
		93C5F15F1B766EFC00CBBB94 /* Sources */ = {
			isa = PBXSourcesBuildPhase;
			buildActionMask = 2147483647;
			files = (
				93C5F18A1B766F2400CBBB94 /* JSON.swift in Sources */,
			);
			runOnlyForDeploymentPostprocessing = 0;
		};
		93C5F16B1B766EFC00CBBB94 /* Sources */ = {
			isa = PBXSourcesBuildPhase;
			buildActionMask = 2147483647;
			files = (
				93C5F1771B766EFC00CBBB94 /* RRJSONTests.swift in Sources */,
			);
			runOnlyForDeploymentPostprocessing = 0;
		};
/* End PBXSourcesBuildPhase section */

/* Begin PBXTargetDependency section */
		93C5F1721B766EFC00CBBB94 /* PBXTargetDependency */ = {
			isa = PBXTargetDependency;
			target = 93C5F1631B766EFC00CBBB94 /* RRJSON */;
			targetProxy = 93C5F1711B766EFC00CBBB94 /* PBXContainerItemProxy */;
		};
/* End PBXTargetDependency section */

/* Begin XCBuildConfiguration section */
		93C5F1781B766EFC00CBBB94 /* Debug */ = {
			isa = XCBuildConfiguration;
			buildSettings = {
				ALWAYS_SEARCH_USER_PATHS = NO;
				CLANG_CXX_LANGUAGE_STANDARD = "gnu++0x";
				CLANG_CXX_LIBRARY = "libc++";
				CLANG_ENABLE_MODULES = YES;
				CLANG_ENABLE_OBJC_ARC = YES;
				CLANG_WARN_BOOL_CONVERSION = YES;
				CLANG_WARN_CONSTANT_CONVERSION = YES;
				CLANG_WARN_DIRECT_OBJC_ISA_USAGE = YES_ERROR;
				CLANG_WARN_EMPTY_BODY = YES;
				CLANG_WARN_ENUM_CONVERSION = YES;
				CLANG_WARN_INT_CONVERSION = YES;
				CLANG_WARN_OBJC_ROOT_CLASS = YES_ERROR;
				CLANG_WARN_UNREACHABLE_CODE = YES;
				CLANG_WARN__DUPLICATE_METHOD_MATCH = YES;
				"CODE_SIGN_IDENTITY[sdk=iphoneos*]" = "iPhone Developer";
				COPY_PHASE_STRIP = NO;
				CURRENT_PROJECT_VERSION = 1;
				DEBUG_INFORMATION_FORMAT = "dwarf-with-dsym";
				ENABLE_STRICT_OBJC_MSGSEND = YES;
				GCC_C_LANGUAGE_STANDARD = gnu99;
				GCC_DYNAMIC_NO_PIC = NO;
				GCC_NO_COMMON_BLOCKS = YES;
				GCC_OPTIMIZATION_LEVEL = 0;
				GCC_PREPROCESSOR_DEFINITIONS = (
					"DEBUG=1",
					"$(inherited)",
				);
				GCC_SYMBOLS_PRIVATE_EXTERN = NO;
				GCC_WARN_64_TO_32_BIT_CONVERSION = YES;
				GCC_WARN_ABOUT_RETURN_TYPE = YES_ERROR;
				GCC_WARN_UNDECLARED_SELECTOR = YES;
				GCC_WARN_UNINITIALIZED_AUTOS = YES_AGGRESSIVE;
				GCC_WARN_UNUSED_FUNCTION = YES;
				GCC_WARN_UNUSED_VARIABLE = YES;
				IPHONEOS_DEPLOYMENT_TARGET = 8.4;
				MTL_ENABLE_DEBUG_INFO = YES;
				ONLY_ACTIVE_ARCH = YES;
				SDKROOT = iphoneos;
				SWIFT_OPTIMIZATION_LEVEL = "-Onone";
				TARGETED_DEVICE_FAMILY = "1,2";
				VERSIONING_SYSTEM = "apple-generic";
				VERSION_INFO_PREFIX = "";
			};
			name = Debug;
		};
		93C5F1791B766EFC00CBBB94 /* Release */ = {
			isa = XCBuildConfiguration;
			buildSettings = {
				ALWAYS_SEARCH_USER_PATHS = NO;
				CLANG_CXX_LANGUAGE_STANDARD = "gnu++0x";
				CLANG_CXX_LIBRARY = "libc++";
				CLANG_ENABLE_MODULES = YES;
				CLANG_ENABLE_OBJC_ARC = YES;
				CLANG_WARN_BOOL_CONVERSION = YES;
				CLANG_WARN_CONSTANT_CONVERSION = YES;
				CLANG_WARN_DIRECT_OBJC_ISA_USAGE = YES_ERROR;
				CLANG_WARN_EMPTY_BODY = YES;
				CLANG_WARN_ENUM_CONVERSION = YES;
				CLANG_WARN_INT_CONVERSION = YES;
				CLANG_WARN_OBJC_ROOT_CLASS = YES_ERROR;
				CLANG_WARN_UNREACHABLE_CODE = YES;
				CLANG_WARN__DUPLICATE_METHOD_MATCH = YES;
				"CODE_SIGN_IDENTITY[sdk=iphoneos*]" = "iPhone Developer";
				COPY_PHASE_STRIP = NO;
				CURRENT_PROJECT_VERSION = 1;
				DEBUG_INFORMATION_FORMAT = "dwarf-with-dsym";
				ENABLE_NS_ASSERTIONS = NO;
				ENABLE_STRICT_OBJC_MSGSEND = YES;
				GCC_C_LANGUAGE_STANDARD = gnu99;
				GCC_NO_COMMON_BLOCKS = YES;
				GCC_WARN_64_TO_32_BIT_CONVERSION = YES;
				GCC_WARN_ABOUT_RETURN_TYPE = YES_ERROR;
				GCC_WARN_UNDECLARED_SELECTOR = YES;
				GCC_WARN_UNINITIALIZED_AUTOS = YES_AGGRESSIVE;
				GCC_WARN_UNUSED_FUNCTION = YES;
				GCC_WARN_UNUSED_VARIABLE = YES;
				IPHONEOS_DEPLOYMENT_TARGET = 8.4;
				MTL_ENABLE_DEBUG_INFO = NO;
				SDKROOT = iphoneos;
				TARGETED_DEVICE_FAMILY = "1,2";
				VALIDATE_PRODUCT = YES;
				VERSIONING_SYSTEM = "apple-generic";
				VERSION_INFO_PREFIX = "";
			};
			name = Release;
		};
		93C5F17B1B766EFC00CBBB94 /* Debug */ = {
			isa = XCBuildConfiguration;
			buildSettings = {
				CLANG_ENABLE_MODULES = YES;
				DEFINES_MODULE = YES;
				DYLIB_COMPATIBILITY_VERSION = 1;
				DYLIB_CURRENT_VERSION = 1;
				DYLIB_INSTALL_NAME_BASE = "@rpath";
				INFOPLIST_FILE = RRJSON/Info.plist;
				INSTALL_PATH = "$(LOCAL_LIBRARY_DIR)/Frameworks";
				LD_RUNPATH_SEARCH_PATHS = "$(inherited) @executable_path/Frameworks @loader_path/Frameworks";
				PRODUCT_NAME = "$(TARGET_NAME)";
				SKIP_INSTALL = YES;
				SWIFT_OPTIMIZATION_LEVEL = "-Onone";
			};
			name = Debug;
		};
		93C5F17C1B766EFC00CBBB94 /* Release */ = {
			isa = XCBuildConfiguration;
			buildSettings = {
				CLANG_ENABLE_MODULES = YES;
				DEFINES_MODULE = YES;
				DYLIB_COMPATIBILITY_VERSION = 1;
				DYLIB_CURRENT_VERSION = 1;
				DYLIB_INSTALL_NAME_BASE = "@rpath";
				INFOPLIST_FILE = RRJSON/Info.plist;
				INSTALL_PATH = "$(LOCAL_LIBRARY_DIR)/Frameworks";
				LD_RUNPATH_SEARCH_PATHS = "$(inherited) @executable_path/Frameworks @loader_path/Frameworks";
				PRODUCT_NAME = "$(TARGET_NAME)";
				SKIP_INSTALL = YES;
			};
			name = Release;
		};
		93C5F17E1B766EFC00CBBB94 /* Debug */ = {
			isa = XCBuildConfiguration;
			buildSettings = {
				FRAMEWORK_SEARCH_PATHS = (
					"$(SDKROOT)/Developer/Library/Frameworks",
					"$(inherited)",
				);
				GCC_PREPROCESSOR_DEFINITIONS = (
					"DEBUG=1",
					"$(inherited)",
				);
				INFOPLIST_FILE = RRJSONTests/Info.plist;
				LD_RUNPATH_SEARCH_PATHS = "$(inherited) @executable_path/Frameworks @loader_path/Frameworks";
				PRODUCT_NAME = "$(TARGET_NAME)";
			};
			name = Debug;
		};
		93C5F17F1B766EFC00CBBB94 /* Release */ = {
			isa = XCBuildConfiguration;
			buildSettings = {
				FRAMEWORK_SEARCH_PATHS = (
					"$(SDKROOT)/Developer/Library/Frameworks",
					"$(inherited)",
				);
				INFOPLIST_FILE = RRJSONTests/Info.plist;
				LD_RUNPATH_SEARCH_PATHS = "$(inherited) @executable_path/Frameworks @loader_path/Frameworks";
				PRODUCT_NAME = "$(TARGET_NAME)";
			};
			name = Release;
		};
/* End XCBuildConfiguration section */

/* Begin XCConfigurationList section */
		93C5F15E1B766EFC00CBBB94 /* Build configuration list for PBXProject "RRJSON" */ = {
			isa = XCConfigurationList;
			buildConfigurations = (
				93C5F1781B766EFC00CBBB94 /* Debug */,
				93C5F1791B766EFC00CBBB94 /* Release */,
			);
			defaultConfigurationIsVisible = 0;
			defaultConfigurationName = Release;
		};
		93C5F17A1B766EFC00CBBB94 /* Build configuration list for PBXNativeTarget "RRJSON" */ = {
			isa = XCConfigurationList;
			buildConfigurations = (
				93C5F17B1B766EFC00CBBB94 /* Debug */,
				93C5F17C1B766EFC00CBBB94 /* Release */,
			);
			defaultConfigurationIsVisible = 0;
		};
		93C5F17D1B766EFC00CBBB94 /* Build configuration list for PBXNativeTarget "RRJSONTests" */ = {
			isa = XCConfigurationList;
			buildConfigurations = (
				93C5F17E1B766EFC00CBBB94 /* Debug */,
				93C5F17F1B766EFC00CBBB94 /* Release */,
			);
			defaultConfigurationIsVisible = 0;
		};
/* End XCConfigurationList section */
	};
	rootObject = 93C5F15B1B766EFC00CBBB94 /* Project object */;
}
